
Microsoft Visual Studio Solution File, Format Version 12.00
# Visual Studio Version 16
VisualStudioVersion = 16.0.29306.81
MinimumVisualStudioVersion = 10.0.40219.1
Project("{FAE04EC0-301F-11D3-BF4B-00C04F79EFBC}") = "FlippingTtheMatrix", "FlippingTtheMatrix.csproj", "{5C1E661D-7470-4D4B-BD7C-08BF55C10595}"
EndProject
Global
	GlobalSection(SolutionConfigurationPlatforms) = preSolution
		Debug|Any CPU = Debug|Any CPU
		Release|Any CPU = Release|Any CPU
	EndGlobalSection
	GlobalSection(ProjectConfigurationPlatforms) = postSolution
		{5C1E661D-7470-4D4B-BD7C-08BF55C10595}.Debug|Any CPU.ActiveCfg = Debug|Any CPU
		{5C1E661D-7470-4D4B-BD7C-08BF55C10595}.Debug|Any CPU.Build.0 = Debug|Any CPU
		{5C1E661D-7470-4D4B-BD7C-08BF55C10595}.Release|Any CPU.ActiveCfg = Release|Any CPU
		{5C1E661D-7470-4D4B-BD7C-08BF55C10595}.Release|Any CPU.Build.0 = Release|Any CPU
	EndGlobalSection
	GlobalSection(SolutionProperties) = preSolution
		HideSolutionNode = FALSE
	EndGlobalSection
	GlobalSection(ExtensibilityGlobals) = postSolution
		SolutionGuid = {7CF3176F-239A-4CAE-B425-7ACE59E47A39}
	EndGlobalSection
EndGlobal
