
Microsoft Visual Studio Solution File, Format Version 12.00
# Visual Studio Version 16
VisualStudioVersion = 16.0.29306.81
MinimumVisualStudioVersion = 10.0.40219.1
Project("{FAE04EC0-301F-11D3-BF4B-00C04F79EFBC}") = "TheBombermanGame", "TheBombermanGame.csproj", "{BFFB490D-E6B2-4C63-AC2B-9ED1850167CA}"
EndProject
Global
	GlobalSection(SolutionConfigurationPlatforms) = preSolution
		Debug|Any CPU = Debug|Any CPU
		Release|Any CPU = Release|Any CPU
	EndGlobalSection
	GlobalSection(ProjectConfigurationPlatforms) = postSolution
		{BFFB490D-E6B2-4C63-AC2B-9ED1850167CA}.Debug|Any CPU.ActiveCfg = Debug|Any CPU
		{BFFB490D-E6B2-4C63-AC2B-9ED1850167CA}.Debug|Any CPU.Build.0 = Debug|Any CPU
		{BFFB490D-E6B2-4C63-AC2B-9ED1850167CA}.Release|Any CPU.ActiveCfg = Release|Any CPU
		{BFFB490D-E6B2-4C63-AC2B-9ED1850167CA}.Release|Any CPU.Build.0 = Release|Any CPU
	EndGlobalSection
	GlobalSection(SolutionProperties) = preSolution
		HideSolutionNode = FALSE
	EndGlobalSection
	GlobalSection(ExtensibilityGlobals) = postSolution
		SolutionGuid = {5DD39B6C-647C-4535-A948-2D91F5646BF3}
	EndGlobalSection
EndGlobal
