
Microsoft Visual Studio Solution File, Format Version 12.00
# Visual Studio Version 16
VisualStudioVersion = 16.0.29306.81
MinimumVisualStudioVersion = 10.0.40219.1
Project("{FAE04EC0-301F-11D3-BF4B-00C04F79EFBC}") = "TheMaximumSubarray", "TheMaximumSubarray.csproj", "{0D248554-9A91-41C1-BC75-284D5D42AD5E}"
EndProject
Global
	GlobalSection(SolutionConfigurationPlatforms) = preSolution
		Debug|Any CPU = Debug|Any CPU
		Release|Any CPU = Release|Any CPU
	EndGlobalSection
	GlobalSection(ProjectConfigurationPlatforms) = postSolution
		{0D248554-9A91-41C1-BC75-284D5D42AD5E}.Debug|Any CPU.ActiveCfg = Debug|Any CPU
		{0D248554-9A91-41C1-BC75-284D5D42AD5E}.Debug|Any CPU.Build.0 = Debug|Any CPU
		{0D248554-9A91-41C1-BC75-284D5D42AD5E}.Release|Any CPU.ActiveCfg = Release|Any CPU
		{0D248554-9A91-41C1-BC75-284D5D42AD5E}.Release|Any CPU.Build.0 = Release|Any CPU
	EndGlobalSection
	GlobalSection(SolutionProperties) = preSolution
		HideSolutionNode = FALSE
	EndGlobalSection
	GlobalSection(ExtensibilityGlobals) = postSolution
		SolutionGuid = {A2AE4C86-5A56-47DD-819B-84B1F09200C8}
	EndGlobalSection
EndGlobal
