
Microsoft Visual Studio Solution File, Format Version 12.00
# Visual Studio Version 16
VisualStudioVersion = 16.0.29306.81
MinimumVisualStudioVersion = 10.0.40219.1
Project("{FAE04EC0-301F-11D3-BF4B-00C04F79EFBC}") = "CommonChild", "CommonChild.csproj", "{829420B4-8BB3-477D-8BDD-6EE90FA49D1F}"
EndProject
Global
	GlobalSection(SolutionConfigurationPlatforms) = preSolution
		Debug|Any CPU = Debug|Any CPU
		Release|Any CPU = Release|Any CPU
	EndGlobalSection
	GlobalSection(ProjectConfigurationPlatforms) = postSolution
		{829420B4-8BB3-477D-8BDD-6EE90FA49D1F}.Debug|Any CPU.ActiveCfg = Debug|Any CPU
		{829420B4-8BB3-477D-8BDD-6EE90FA49D1F}.Debug|Any CPU.Build.0 = Debug|Any CPU
		{829420B4-8BB3-477D-8BDD-6EE90FA49D1F}.Release|Any CPU.ActiveCfg = Release|Any CPU
		{829420B4-8BB3-477D-8BDD-6EE90FA49D1F}.Release|Any CPU.Build.0 = Release|Any CPU
	EndGlobalSection
	GlobalSection(SolutionProperties) = preSolution
		HideSolutionNode = FALSE
	EndGlobalSection
	GlobalSection(ExtensibilityGlobals) = postSolution
		SolutionGuid = {A5F0451D-E247-438B-8D6D-974EBEFCCB13}
	EndGlobalSection
EndGlobal
